
Microsoft Visual Studio Solution File, Format Version 12.00
# Visual Studio Version 17
VisualStudioVersion = 17.14.36414.22
MinimumVisualStudioVersion = 10.0.40219.1
Project("{2150E333-8FDC-42A3-9474-1A3956D46DE8}") = "src", "src", "{02EA681E-C7D8-13C7-8484-4AC65E1B71E8}"
EndProject
Project("{2150E333-8FDC-42A3-9474-1A3956D46DE8}") = "00.Framework", "00.Framework", "{31EBAAB4-47B1-45D9-986C-C57B01EC7183}"
EndProject
Project("{2150E333-8FDC-42A3-9474-1A3956D46DE8}") = "01.Domain", "01.Domain", "{C778F774-A011-4212-B93A-3ECB85F56B51}"
EndProject
Project("{2150E333-8FDC-42A3-9474-1A3956D46DE8}") = "Services", "Services", "{EF747A5C-6903-4CEE-8ECD-B679E3CE3804}"
EndProject
Project("{2150E333-8FDC-42A3-9474-1A3956D46DE8}") = "02.Infrastructure", "02.Infrastructure", "{A58AD76D-A2D4-4BFD-AB0B-05A86AA71FF6}"
EndProject
Project("{2150E333-8FDC-42A3-9474-1A3956D46DE8}") = "03.Presentation", "03.Presentation", "{0467073C-32AB-415B-AE9D-8AC013C82FA7}"
EndProject
Project("{FAE04EC0-301F-11D3-BF4B-00C04F79EFBC}") = "BookShop.Framework", "src\00.Framework\BookShop.Framework\BookShop.Framework.csproj", "{26126F62-0830-45F9-A605-A3227954FB2B}"
EndProject
Project("{FAE04EC0-301F-11D3-BF4B-00C04F79EFBC}") = "BookShop.Domain", "src\01.Domain\BookShop.Domain\BookShop.Domain.csproj", "{1554542F-7076-4B5A-A462-A6343DE285BA}"
EndProject
Project("{FAE04EC0-301F-11D3-BF4B-00C04F79EFBC}") = "BookShop.Services", "src\02.Services\BookShop.Services\BookShop.Services.csproj", "{622F3216-90EA-40AC-9C9A-9CEFF6E52847}"
	ProjectSection(ProjectDependencies) = postProject
		{1554542F-7076-4B5A-A462-A6343DE285BA} = {1554542F-7076-4B5A-A462-A6343DE285BA}
		{26126F62-0830-45F9-A605-A3227954FB2B} = {26126F62-0830-45F9-A605-A3227954FB2B}
	EndProjectSection
EndProject
Project("{FAE04EC0-301F-11D3-BF4B-00C04F79EFBC}") = "BookShop.Infrastructure.EFCore", "src\03.Infrastructure\BookShop.Infrastructure.EFCore\BookShop.Infrastructure.EFCore.csproj", "{FA528EC4-D8FC-4375-9D37-52C9A7FAEC93}"
	ProjectSection(ProjectDependencies) = postProject
		{1554542F-7076-4B5A-A462-A6343DE285BA} = {1554542F-7076-4B5A-A462-A6343DE285BA}
	EndProjectSection
EndProject
Project("{FAE04EC0-301F-11D3-BF4B-00C04F79EFBC}") = "BookShop.Presentation.MVC", "src\04.Presentation\BookShop.Presentation.MVC\BookShop.Presentation.MVC.csproj", "{562EFE70-A31B-4BFD-90E4-12C9E4C7F1F6}"
	ProjectSection(ProjectDependencies) = postProject
		{1554542F-7076-4B5A-A462-A6343DE285BA} = {1554542F-7076-4B5A-A462-A6343DE285BA}
		{622F3216-90EA-40AC-9C9A-9CEFF6E52847} = {622F3216-90EA-40AC-9C9A-9CEFF6E52847}
	EndProjectSection
EndProject
Project("{2150E333-8FDC-42A3-9474-1A3956D46DE8}") = "Core", "Core", "{BFA4ED44-822A-49CF-B536-DDA5496DC529}"
EndProject
Global
	GlobalSection(SolutionConfigurationPlatforms) = preSolution
		Debug|Any CPU = Debug|Any CPU
		Release|Any CPU = Release|Any CPU
	EndGlobalSection
	GlobalSection(ProjectConfigurationPlatforms) = postSolution
		{26126F62-0830-45F9-A605-A3227954FB2B}.Debug|Any CPU.ActiveCfg = Debug|Any CPU
		{26126F62-0830-45F9-A605-A3227954FB2B}.Debug|Any CPU.Build.0 = Debug|Any CPU
		{26126F62-0830-45F9-A605-A3227954FB2B}.Release|Any CPU.ActiveCfg = Release|Any CPU
		{26126F62-0830-45F9-A605-A3227954FB2B}.Release|Any CPU.Build.0 = Release|Any CPU
		{1554542F-7076-4B5A-A462-A6343DE285BA}.Debug|Any CPU.ActiveCfg = Debug|Any CPU
		{1554542F-7076-4B5A-A462-A6343DE285BA}.Debug|Any CPU.Build.0 = Debug|Any CPU
		{1554542F-7076-4B5A-A462-A6343DE285BA}.Release|Any CPU.ActiveCfg = Release|Any CPU
		{1554542F-7076-4B5A-A462-A6343DE285BA}.Release|Any CPU.Build.0 = Release|Any CPU
		{622F3216-90EA-40AC-9C9A-9CEFF6E52847}.Debug|Any CPU.ActiveCfg = Debug|Any CPU
		{622F3216-90EA-40AC-9C9A-9CEFF6E52847}.Debug|Any CPU.Build.0 = Debug|Any CPU
		{622F3216-90EA-40AC-9C9A-9CEFF6E52847}.Release|Any CPU.ActiveCfg = Release|Any CPU
		{622F3216-90EA-40AC-9C9A-9CEFF6E52847}.Release|Any CPU.Build.0 = Release|Any CPU
		{FA528EC4-D8FC-4375-9D37-52C9A7FAEC93}.Debug|Any CPU.ActiveCfg = Debug|Any CPU
		{FA528EC4-D8FC-4375-9D37-52C9A7FAEC93}.Debug|Any CPU.Build.0 = Debug|Any CPU
		{FA528EC4-D8FC-4375-9D37-52C9A7FAEC93}.Release|Any CPU.ActiveCfg = Release|Any CPU
		{FA528EC4-D8FC-4375-9D37-52C9A7FAEC93}.Release|Any CPU.Build.0 = Release|Any CPU
		{562EFE70-A31B-4BFD-90E4-12C9E4C7F1F6}.Debug|Any CPU.ActiveCfg = Debug|Any CPU
		{562EFE70-A31B-4BFD-90E4-12C9E4C7F1F6}.Debug|Any CPU.Build.0 = Debug|Any CPU
		{562EFE70-A31B-4BFD-90E4-12C9E4C7F1F6}.Release|Any CPU.ActiveCfg = Release|Any CPU
		{562EFE70-A31B-4BFD-90E4-12C9E4C7F1F6}.Release|Any CPU.Build.0 = Release|Any CPU
	EndGlobalSection
	GlobalSection(SolutionProperties) = preSolution
		HideSolutionNode = FALSE
	EndGlobalSection
	GlobalSection(NestedProjects) = preSolution
		{31EBAAB4-47B1-45D9-986C-C57B01EC7183} = {02EA681E-C7D8-13C7-8484-4AC65E1B71E8}
		{C778F774-A011-4212-B93A-3ECB85F56B51} = {02EA681E-C7D8-13C7-8484-4AC65E1B71E8}
		{EF747A5C-6903-4CEE-8ECD-B679E3CE3804} = {C778F774-A011-4212-B93A-3ECB85F56B51}
		{A58AD76D-A2D4-4BFD-AB0B-05A86AA71FF6} = {02EA681E-C7D8-13C7-8484-4AC65E1B71E8}
		{0467073C-32AB-415B-AE9D-8AC013C82FA7} = {02EA681E-C7D8-13C7-8484-4AC65E1B71E8}
		{26126F62-0830-45F9-A605-A3227954FB2B} = {31EBAAB4-47B1-45D9-986C-C57B01EC7183}
		{1554542F-7076-4B5A-A462-A6343DE285BA} = {BFA4ED44-822A-49CF-B536-DDA5496DC529}
		{622F3216-90EA-40AC-9C9A-9CEFF6E52847} = {EF747A5C-6903-4CEE-8ECD-B679E3CE3804}
		{FA528EC4-D8FC-4375-9D37-52C9A7FAEC93} = {A58AD76D-A2D4-4BFD-AB0B-05A86AA71FF6}
		{562EFE70-A31B-4BFD-90E4-12C9E4C7F1F6} = {0467073C-32AB-415B-AE9D-8AC013C82FA7}
		{BFA4ED44-822A-49CF-B536-DDA5496DC529} = {C778F774-A011-4212-B93A-3ECB85F56B51}
	EndGlobalSection
	GlobalSection(ExtensibilityGlobals) = postSolution
		SolutionGuid = {A133AD7F-7CA1-4E62-AF17-11796573054F}
	EndGlobalSection
EndGlobal
